
Microsoft Visual Studio Solution File, Format Version 12.00
# Visual Studio Version 16
VisualStudioVersion = 16.0.30503.244
MinimumVisualStudioVersion = 10.0.40219.1
Project("{FAE04EC0-301F-11D3-BF4B-00C04F79EFBC}") = "DivisibleBy3AndCount", "DivisibleBy3AndCount\DivisibleBy3AndCount.csproj", "{748234B2-935A-4BDF-81DD-2875294D6566}"
EndProject
Global
	GlobalSection(SolutionConfigurationPlatforms) = preSolution
		Debug|Any CPU = Debug|Any CPU
		Release|Any CPU = Release|Any CPU
	EndGlobalSection
	GlobalSection(ProjectConfigurationPlatforms) = postSolution
		{748234B2-935A-4BDF-81DD-2875294D6566}.Debug|Any CPU.ActiveCfg = Debug|Any CPU
		{748234B2-935A-4BDF-81DD-2875294D6566}.Debug|Any CPU.Build.0 = Debug|Any CPU
		{748234B2-935A-4BDF-81DD-2875294D6566}.Release|Any CPU.ActiveCfg = Release|Any CPU
		{748234B2-935A-4BDF-81DD-2875294D6566}.Release|Any CPU.Build.0 = Release|Any CPU
	EndGlobalSection
	GlobalSection(SolutionProperties) = preSolution
		HideSolutionNode = FALSE
	EndGlobalSection
	GlobalSection(ExtensibilityGlobals) = postSolution
		SolutionGuid = {B8FEA8EC-A53A-4C6F-A242-88E57E87D2DB}
	EndGlobalSection
EndGlobal
